PODS:
  - Bolts/Tasks (1.8.4)
  - LLSimpleCamera (4.2.0)
  - Parse (1.14.1):
    - Bolts/Tasks (~> 1.8)
  - ParseUI (1.2.0):
    - Bolts/Tasks (~> 1.3)
    - Parse (~> 1.9)

DEPENDENCIES:
  - LLSimpleCamera (~> 4.1)
  - Parse
  - ParseUI

SPEC CHECKSUMS:
  Bolts: 8a7995239dbe724f9cba2248b766d48b7ebdd322
  LLSimpleCamera: ed7813ce4827ff3e34c6af159c99b5b56e54d1c6
  Parse: 4f72b1c01b3fc9038bea045681b6cc1b070c081e
  ParseUI: af2eba584799da4a9fbdac0e178662d7438b502e

COCOAPODS: 0.39.0
